
Microsoft Visual Studio Solution File, Format Version 12.00
# Visual Studio Version 17
VisualStudioVersion = 17.8.34511.84
MinimumVisualStudioVersion = 10.0.40219.1
Project("{9A19103F-16F7-4668-BE54-9A1E7A4F7556}") = "ChessLogic", "ChessLogic\ChessLogic.csproj", "{4EFE5469-E59E-4533-B05D-B93D801B0B49}"
EndProject
Project("{FAE04EC0-301F-11D3-BF4B-00C04F79EFBC}") = "ChessUI", "ChessUI\ChessUI.csproj", "{400169AE-1BA6-4B49-89CC-748217FA8A63}"
EndProject
Global
	GlobalSection(SolutionConfigurationPlatforms) = preSolution
		Debug|Any CPU = Debug|Any CPU
		Release|Any CPU = Release|Any CPU
	EndGlobalSection
	GlobalSection(ProjectConfigurationPlatforms) = postSolution
		{4EFE5469-E59E-4533-B05D-B93D801B0B49}.Debug|Any CPU.ActiveCfg = Debug|Any CPU
		{4EFE5469-E59E-4533-B05D-B93D801B0B49}.Debug|Any CPU.Build.0 = Debug|Any CPU
		{4EFE5469-E59E-4533-B05D-B93D801B0B49}.Release|Any CPU.ActiveCfg = Release|Any CPU
		{4EFE5469-E59E-4533-B05D-B93D801B0B49}.Release|Any CPU.Build.0 = Release|Any CPU
		{400169AE-1BA6-4B49-89CC-748217FA8A63}.Debug|Any CPU.ActiveCfg = Debug|Any CPU
		{400169AE-1BA6-4B49-89CC-748217FA8A63}.Debug|Any CPU.Build.0 = Debug|Any CPU
		{400169AE-1BA6-4B49-89CC-748217FA8A63}.Release|Any CPU.ActiveCfg = Release|Any CPU
		{400169AE-1BA6-4B49-89CC-748217FA8A63}.Release|Any CPU.Build.0 = Release|Any CPU
	EndGlobalSection
	GlobalSection(SolutionProperties) = preSolution
		HideSolutionNode = FALSE
	EndGlobalSection
	GlobalSection(ExtensibilityGlobals) = postSolution
		SolutionGuid = {B6670F4F-938A-48A1-BA17-4DB45F9234FD}
	EndGlobalSection
EndGlobal
